# Generated by pub
# See https://dart.dev/tools/pub/glossary#lockfile
packages:
  _fe_analyzer_shared:
    dependency: transitive
    description:
      name: _fe_analyzer_shared
      url: "https://pub.flutter-io.cn"
    source: hosted
    version: "12.0.0"
  analyzer:
    dependency: transitive
    description:
      name: analyzer
      url: "https://pub.flutter-io.cn"
    source: hosted
    version: "0.40.6"
  animated_background:
    dependency: "direct main"
    description:
      name: animated_background
      url: "https://pub.flutter-io.cn"
    source: hosted
    version: "1.0.5"
  args:
    dependency: transitive
    description:
      name: args
      url: "https://pub.flutter-io.cn"
    source: hosted
    version: "1.6.0"
  async:
    dependency: transitive
    description:
      name: async
      url: "https://pub.flutter-io.cn"
    source: hosted
    version: "2.5.0-nullsafety.1"
  boolean_selector:
    dependency: transitive
    description:
      name: boolean_selector
      url: "https://pub.flutter-io.cn"
    source: hosted
    version: "2.1.0-nullsafety.1"
  bubble_tab_indicator:
    dependency: "direct main"
    description:
      name: bubble_tab_indicator
      url: "https://pub.flutter-io.cn"
    source: hosted
    version: "0.1.4"
  build:
    dependency: transitive
    description:
      name: build
      url: "https://pub.flutter-io.cn"
    source: hosted
    version: "1.5.0"
  build_config:
    dependency: transitive
    description:
      name: build_config
      url: "https://pub.flutter-io.cn"
    source: hosted
    version: "0.4.2"
  cached_network_image:
    dependency: "direct main"
    description:
      name: cached_network_image
      url: "https://pub.flutter-io.cn"
    source: hosted
    version: "2.3.3"
  calendar_strip:
    dependency: "direct main"
    description:
      name: calendar_strip
      url: "https://pub.flutter-io.cn"
    source: hosted
    version: "1.0.7"
  characters:
    dependency: transitive
    description:
      name: characters
      url: "https://pub.flutter-io.cn"
    source: hosted
    version: "1.1.0-nullsafety.3"
  charcode:
    dependency: transitive
    description:
      name: charcode
      url: "https://pub.flutter-io.cn"
    source: hosted
    version: "1.2.0-nullsafety.1"
  checked_yaml:
    dependency: transitive
    description:
      name: checked_yaml
      url: "https://pub.flutter-io.cn"
    source: hosted
    version: "1.0.2"
  cli_util:
    dependency: transitive
    description:
      name: cli_util
      url: "https://pub.flutter-io.cn"
    source: hosted
    version: "0.2.0"
  clock:
    dependency: transitive
    description:
      name: clock
      url: "https://pub.flutter-io.cn"
    source: hosted
    version: "1.1.0-nullsafety.1"
  collection:
    dependency: transitive
    description:
      name: collection
      url: "https://pub.flutter-io.cn"
    source: hosted
    version: "1.15.0-nullsafety.3"
  convert:
    dependency: transitive
    description:
      name: convert
      url: "https://pub.flutter-io.cn"
    source: hosted
    version: "2.1.1"
  crypto:
    dependency: transitive
    description:
      name: crypto
      url: "https://pub.flutter-io.cn"
    source: hosted
    version: "2.1.5"
  cupertino_icons:
    dependency: "direct main"
    description:
      name: cupertino_icons
      url: "https://pub.flutter-io.cn"
    source: hosted
    version: "1.0.0"
  dart_style:
    dependency: transitive
    description:
      name: dart_style
      url: "https://pub.flutter-io.cn"
    source: hosted
    version: "1.3.9"
  dartz:
    dependency: transitive
    description:
      name: dartz
      url: "https://pub.flutter-io.cn"
    source: hosted
    version: "0.8.9"
  date_range_picker:
    dependency: "direct main"
    description:
      name: date_range_picker
      url: "https://pub.flutter-io.cn"
    source: hosted
    version: "1.0.6"
  dio:
    dependency: "direct main"
    description:
      name: dio
      url: "https://pub.flutter-io.cn"
    source: hosted
    version: "3.0.10"
  fake_async:
    dependency: transitive
    description:
      name: fake_async
      url: "https://pub.flutter-io.cn"
    source: hosted
    version: "1.2.0-nullsafety.1"
  ffi:
    dependency: transitive
    description:
      name: ffi
      url: "https://pub.flutter-io.cn"
    source: hosted
    version: "0.1.3"
  file:
    dependency: transitive
    description:
      name: file
      url: "https://pub.flutter-io.cn"
    source: hosted
    version: "5.2.1"
  flutter:
    dependency: "direct main"
    description: flutter
    source: sdk
    version: "0.0.0"
  flutter_blurhash:
    dependency: transitive
    description:
      name: flutter_blurhash
      url: "https://pub.flutter-io.cn"
    source: hosted
    version: "0.5.0"
  flutter_cache_manager:
    dependency: transitive
    description:
      name: flutter_cache_manager
      url: "https://pub.flutter-io.cn"
    source: hosted
    version: "2.0.0"
  flutter_calendar_carousel:
    dependency: "direct main"
    description:
      name: flutter_calendar_carousel
      url: "https://pub.flutter-io.cn"
    source: hosted
    version: "1.5.1"
  flutter_calendar_week:
    dependency: "direct main"
    description:
      path: "."
      ref: "0.4.1"
      resolved-ref: "58b93bec4279a0fb01455f68d25558c7d9648b7f"
      url: "https://github.com/mduccc/flutter_calendar_week"
    source: git
    version: "0.3.0"
  flutter_colorpicker:
    dependency: "direct main"
    description:
      name: flutter_colorpicker
      url: "https://pub.flutter-io.cn"
    source: hosted
    version: "0.3.4"
  flutter_icons:
    dependency: "direct main"
    description:
      name: flutter_icons
      url: "https://pub.flutter-io.cn"
    source: hosted
    version: "1.1.0"
  flutter_image_compress:
    dependency: "direct main"
    description:
      name: flutter_image_compress
      url: "https://pub.flutter-io.cn"
    source: hosted
    version: "0.7.0"
  flutter_localizations:
    dependency: "direct main"
    description: flutter
    source: sdk
    version: "0.0.0"
  flutter_plugin_android_lifecycle:
    dependency: transitive
    description:
      name: flutter_plugin_android_lifecycle
      url: "https://pub.flutter-io.cn"
    source: hosted
    version: "1.0.11"
  flutter_rounded_progress_bar:
    dependency: "direct main"
    description:
      name: flutter_rounded_progress_bar
      url: "https://pub.flutter-io.cn"
    source: hosted
    version: "0.1.1"
  flutter_slidable:
    dependency: "direct main"
    description:
      name: flutter_slidable
      url: "https://pub.flutter-io.cn"
    source: hosted
    version: "0.5.7"
  flutter_test:
    dependency: "direct dev"
    description: flutter
    source: sdk
    version: "0.0.0"
  flutter_web_plugins:
    dependency: transitive
    description: flutter
    source: sdk
    version: "0.0.0"
  fluttertoast:
    dependency: "direct main"
    description:
      name: fluttertoast
      url: "https://pub.flutter-io.cn"
    source: hosted
    version: "7.1.1"
  glob:
    dependency: transitive
    description:
      name: glob
      url: "https://pub.flutter-io.cn"
    source: hosted
    version: "1.2.0"
  heatmap_calendar:
    dependency: "direct main"
    description:
      name: heatmap_calendar
      url: "https://pub.flutter-io.cn"
    source: hosted
    version: "1.2.8"
  http:
    dependency: "direct main"
    description:
      name: http
      url: "https://pub.flutter-io.cn"
    source: hosted
    version: "0.12.2"
  http_parser:
    dependency: transitive
    description:
      name: http_parser
      url: "https://pub.flutter-io.cn"
    source: hosted
    version: "3.1.4"
  image_crop:
    dependency: "direct main"
    description:
      name: image_crop
      url: "https://pub.flutter-io.cn"
    source: hosted
    version: "0.3.4"
  image_picker:
    dependency: "direct main"
    description:
      name: image_picker
      url: "https://pub.flutter-io.cn"
    source: hosted
    version: "0.6.7+14"
  image_picker_platform_interface:
    dependency: transitive
    description:
      name: image_picker_platform_interface
      url: "https://pub.flutter-io.cn"
    source: hosted
    version: "1.1.1"
  image_pickers:
    dependency: "direct main"
    description:
      name: image_pickers
      url: "https://pub.flutter-io.cn"
    source: hosted
    version: "1.0.8+7"
  intl:
    dependency: transitive
    description:
      name: intl
      url: "https://pub.flutter-io.cn"
    source: hosted
    version: "0.16.1"
  js:
    dependency: transitive
    description:
      name: js
      url: "https://pub.flutter-io.cn"
    source: hosted
    version: "0.6.2"
  json_annotation:
    dependency: transitive
    description:
      name: json_annotation
      url: "https://pub.flutter-io.cn"
    source: hosted
    version: "3.1.0"
  json_serializable:
    dependency: "direct main"
    description:
      name: json_serializable
      url: "https://pub.flutter-io.cn"
    source: hosted
    version: "3.5.0"
  jwt_decoder:
    dependency: "direct main"
    description:
      name: jwt_decoder
      url: "https://pub.flutter-io.cn"
    source: hosted
    version: "1.0.3"
  logging:
    dependency: transitive
    description:
      name: logging
      url: "https://pub.flutter-io.cn"
    source: hosted
    version: "0.11.4"
  matcher:
    dependency: transitive
    description:
      name: matcher
      url: "https://pub.flutter-io.cn"
    source: hosted
    version: "0.12.10-nullsafety.1"
  meta:
    dependency: transitive
    description:
      name: meta
      url: "https://pub.flutter-io.cn"
    source: hosted
    version: "1.3.0-nullsafety.3"
  node_interop:
    dependency: transitive
    description:
      name: node_interop
      url: "https://pub.flutter-io.cn"
    source: hosted
    version: "1.2.0"
  node_io:
    dependency: transitive
    description:
      name: node_io
      url: "https://pub.flutter-io.cn"
    source: hosted
    version: "1.1.1"
  octo_image:
    dependency: transitive
    description:
      name: octo_image
      url: "https://pub.flutter-io.cn"
    source: hosted
    version: "0.3.0"
  package_config:
    dependency: transitive
    description:
      name: package_config
      url: "https://pub.flutter-io.cn"
    source: hosted
    version: "1.9.3"
  path:
    dependency: transitive
    description:
      name: path
      url: "https://pub.flutter-io.cn"
    source: hosted
    version: "1.8.0-nullsafety.1"
  path_provider:
    dependency: transitive
    description:
      name: path_provider
      url: "https://pub.flutter-io.cn"
    source: hosted
    version: "1.6.24"
  path_provider_linux:
    dependency: transitive
    description:
      name: path_provider_linux
      url: "https://pub.flutter-io.cn"
    source: hosted
    version: "0.0.1+2"
  path_provider_macos:
    dependency: transitive
    description:
      name: path_provider_macos
      url: "https://pub.flutter-io.cn"
    source: hosted
    version: "0.0.4+6"
  path_provider_platform_interface:
    dependency: transitive
    description:
      name: path_provider_platform_interface
      url: "https://pub.flutter-io.cn"
    source: hosted
    version: "1.0.4"
  path_provider_windows:
    dependency: transitive
    description:
      name: path_provider_windows
      url: "https://pub.flutter-io.cn"
    source: hosted
    version: "0.0.4+3"
  pedantic:
    dependency: transitive
    description:
      name: pedantic
      url: "https://pub.flutter-io.cn"
    source: hosted
    version: "1.9.2"
  platform:
    dependency: transitive
    description:
      name: platform
      url: "https://pub.flutter-io.cn"
    source: hosted
    version: "2.2.1"
  plugin_platform_interface:
    dependency: transitive
    description:
      name: plugin_platform_interface
      url: "https://pub.flutter-io.cn"
    source: hosted
    version: "1.0.3"
  process:
    dependency: transitive
    description:
      name: process
      url: "https://pub.flutter-io.cn"
    source: hosted
    version: "3.0.13"
  pub_semver:
    dependency: transitive
    description:
      name: pub_semver
      url: "https://pub.flutter-io.cn"
    source: hosted
    version: "1.4.4"
  pubspec_parse:
    dependency: transitive
    description:
      name: pubspec_parse
      url: "https://pub.flutter-io.cn"
    source: hosted
    version: "0.1.5"
  pull_to_refresh:
    dependency: "direct main"
    description:
      name: pull_to_refresh
      url: "https://pub.flutter-io.cn"
    source: hosted
    version: "1.6.3"
  rxdart:
    dependency: transitive
    description:
      name: rxdart
      url: "https://pub.flutter-io.cn"
    source: hosted
    version: "0.23.1"
  shared_preferences:
    dependency: "direct main"
    description:
      name: shared_preferences
      url: "https://pub.flutter-io.cn"
    source: hosted
    version: "0.5.12+4"
  shared_preferences_linux:
    dependency: transitive
    description:
      name: shared_preferences_linux
      url: "https://pub.flutter-io.cn"
    source: hosted
    version: "0.0.2+4"
  shared_preferences_macos:
    dependency: transitive
    description:
      name: shared_preferences_macos
      url: "https://pub.flutter-io.cn"
    source: hosted
    version: "0.0.1+11"
  shared_preferences_platform_interface:
    dependency: transitive
    description:
      name: shared_preferences_platform_interface
      url: "https://pub.flutter-io.cn"
    source: hosted
    version: "1.0.4"
  shared_preferences_web:
    dependency: transitive
    description:
      name: shared_preferences_web
      url: "https://pub.flutter-io.cn"
    source: hosted
    version: "0.1.2+7"
  shared_preferences_windows:
    dependency: transitive
    description:
      name: shared_preferences_windows
      url: "https://pub.flutter-io.cn"
    source: hosted
    version: "0.0.1+3"
  sky_engine:
    dependency: transitive
    description: flutter
    source: sdk
    version: "0.0.99"
  source_gen:
    dependency: transitive
    description:
      name: source_gen
      url: "https://pub.flutter-io.cn"
    source: hosted
    version: "0.9.8"
  source_span:
    dependency: transitive
    description:
      name: source_span
      url: "https://pub.flutter-io.cn"
    source: hosted
    version: "1.8.0-nullsafety.2"
  sqflite:
    dependency: transitive
    description:
      name: sqflite
      url: "https://pub.flutter-io.cn"
    source: hosted
    version: "1.3.2+1"
  sqflite_common:
    dependency: transitive
    description:
      name: sqflite_common
      url: "https://pub.flutter-io.cn"
    source: hosted
    version: "1.0.2+1"
  stack_trace:
    dependency: transitive
    description:
      name: stack_trace
      url: "https://pub.flutter-io.cn"
    source: hosted
    version: "1.10.0-nullsafety.1"
  stream_channel:
    dependency: transitive
    description:
      name: stream_channel
      url: "https://pub.flutter-io.cn"
    source: hosted
    version: "2.1.0-nullsafety.1"
  string_scanner:
    dependency: transitive
    description:
      name: string_scanner
      url: "https://pub.flutter-io.cn"
    source: hosted
    version: "1.1.0-nullsafety.1"
  synchronized:
    dependency: transitive
    description:
      name: synchronized
      url: "https://pub.flutter-io.cn"
    source: hosted
    version: "2.2.0+2"
  term_glyph:
    dependency: transitive
    description:
      name: term_glyph
      url: "https://pub.flutter-io.cn"
    source: hosted
    version: "1.2.0-nullsafety.1"
  test_api:
    dependency: transitive
    description:
      name: test_api
      url: "https://pub.flutter-io.cn"
    source: hosted
    version: "0.2.19-nullsafety.2"
  typed_data:
    dependency: transitive
    description:
      name: typed_data
      url: "https://pub.flutter-io.cn"
    source: hosted
    version: "1.3.0-nullsafety.3"
  uuid:
    dependency: transitive
    description:
      name: uuid
      url: "https://pub.flutter-io.cn"
    source: hosted
    version: "2.2.2"
  vector_math:
    dependency: transitive
    description:
      name: vector_math
      url: "https://pub.flutter-io.cn"
    source: hosted
    version: "2.1.0-nullsafety.3"
  watcher:
    dependency: transitive
    description:
      name: watcher
      url: "https://pub.flutter-io.cn"
    source: hosted
    version: "0.9.7+15"
  web_socket_channel:
    dependency: "direct main"
    description:
      name: web_socket_channel
      url: "https://pub.flutter-io.cn"
    source: hosted
    version: "1.1.0"
  win32:
    dependency: transitive
    description:
      name: win32
      url: "https://pub.flutter-io.cn"
    source: hosted
    version: "1.7.4"
  xdg_directories:
    dependency: transitive
    description:
      name: xdg_directories
      url: "https://pub.flutter-io.cn"
    source: hosted
    version: "0.1.2"
  yaml:
    dependency: transitive
    description:
      name: yaml
      url: "https://pub.flutter-io.cn"
    source: hosted
    version: "2.2.1"
sdks:
  dart: ">=2.10.2 <2.11.0"
  flutter: ">=1.22.2 <2.0.0"
