PODS:
  - AFNetworking (4.0.1):
    - AFNetworking/NSURLSession (= 4.0.1)
    - AFNetworking/Reachability (= 4.0.1)
    - AFNetworking/Security (= 4.0.1)
    - AFNetworking/Serialization (= 4.0.1)
    - AFNetworking/UIKit (= 4.0.1)
  - AFNetworking/NSURLSession (4.0.1):
    - AFNetworking/Reachability
    - AFNetworking/Security
    - AFNetworking/Serialization
  - AFNetworking/Reachability (4.0.1)
  - AFNetworking/Security (4.0.1)
  - AFNetworking/Serialization (4.0.1)
  - AFNetworking/UIKit (4.0.1):
    - AFNetworking/NSURLSession
  - Flutter (1.0.0)
  - flutter_image_compress (0.0.1):
    - Flutter
    - Mantle
    - SDWebImageWebPCoder
  - flutter_rounded_progress_bar (0.0.1):
    - Flutter
  - fluttertoast (0.0.2):
    - Flutter
    - Toast
  - FMDB (2.7.5):
    - FMDB/standard (= 2.7.5)
  - FMDB/standard (2.7.5)
  - image_crop (0.0.1):
    - Flutter
  - image_picker (0.0.1):
    - Flutter
  - image_pickers (0.0.1):
    - AFNetworking
    - Flutter
    - ZLPhotoBrowser-objc (= 1.0.2)
  - libwebp (1.1.0):
    - libwebp/demux (= 1.1.0)
    - libwebp/mux (= 1.1.0)
    - libwebp/webp (= 1.1.0)
  - libwebp/demux (1.1.0):
    - libwebp/webp
  - libwebp/mux (1.1.0):
    - libwebp/demux
  - libwebp/webp (1.1.0)
  - Mantle (2.1.6):
    - Mantle/extobjc (= 2.1.6)
  - Mantle/extobjc (2.1.6)
  - path_provider (0.0.1):
    - Flutter
  - SDWebImage (5.10.0):
    - SDWebImage/Core (= 5.10.0)
  - SDWebImage/Core (5.10.0)
  - SDWebImageWebPCoder (0.7.0):
    - libwebp (~> 1.0)
    - SDWebImage/Core (~> 5.10)
  - shared_preferences (0.0.1):
    - Flutter
  - sqflite (0.0.2):
    - Flutter
    - FMDB (>= 2.7.5)
  - Toast (4.0.0)
  - ZLPhotoBrowser-objc (1.0.2):
    - SDWebImage

DEPENDENCIES:
  - Flutter (from `Flutter`)
  - flutter_image_compress (from `.symlinks/plugins/flutter_image_compress/ios`)
  - flutter_rounded_progress_bar (from `.symlinks/plugins/flutter_rounded_progress_bar/ios`)
  - fluttertoast (from `.symlinks/plugins/fluttertoast/ios`)
  - image_crop (from `.symlinks/plugins/image_crop/ios`)
  - image_picker (from `.symlinks/plugins/image_picker/ios`)
  - image_pickers (from `.symlinks/plugins/image_pickers/ios`)
  - path_provider (from `.symlinks/plugins/path_provider/ios`)
  - shared_preferences (from `.symlinks/plugins/shared_preferences/ios`)
  - sqflite (from `.symlinks/plugins/sqflite/ios`)

SPEC REPOS:
  trunk:
    - AFNetworking
    - FMDB
    - libwebp
    - Mantle
    - SDWebImage
    - SDWebImageWebPCoder
    - Toast
    - ZLPhotoBrowser-objc

EXTERNAL SOURCES:
  Flutter:
    :path: Flutter
  flutter_image_compress:
    :path: ".symlinks/plugins/flutter_image_compress/ios"
  flutter_rounded_progress_bar:
    :path: ".symlinks/plugins/flutter_rounded_progress_bar/ios"
  fluttertoast:
    :path: ".symlinks/plugins/fluttertoast/ios"
  image_crop:
    :path: ".symlinks/plugins/image_crop/ios"
  image_picker:
    :path: ".symlinks/plugins/image_picker/ios"
  image_pickers:
    :path: ".symlinks/plugins/image_pickers/ios"
  path_provider:
    :path: ".symlinks/plugins/path_provider/ios"
  shared_preferences:
    :path: ".symlinks/plugins/shared_preferences/ios"
  sqflite:
    :path: ".symlinks/plugins/sqflite/ios"

SPEC CHECKSUMS:
  AFNetworking: 7864c38297c79aaca1500c33288e429c3451fdce
  Flutter: 0e3d915762c693b495b44d77113d4970485de6ec
  flutter_image_compress: 082f8daaf6c1b0c9fe798251c750ef0ecd98d7ae
  flutter_rounded_progress_bar: 3c650daa330585aa0c302889381734f2e676f000
  fluttertoast: 6122fa75143e992b1d3470f61000f591a798cc58
  FMDB: 2ce00b547f966261cd18927a3ddb07cb6f3db82a
  image_crop: e0a67085d3ebf3cf46ca46d61c53a082507b0bc3
  image_picker: 9c3312491f862b28d21ecd8fdf0ee14e601b3f09
  image_pickers: 4a20d713c9029a75582e28482271e92d72d334fd
  libwebp: 04242ef451672185c1fe41b285a034d2fbda483c
  Mantle: 4c0ed6ce47c96eccc4dc3bb071deb3def0e2c3be
  path_provider: abfe2b5c733d04e238b0d8691db0cfd63a27a93c
  SDWebImage: 9169792e9eec3e45bba2a0c02f74bf8bd922d1ee
  SDWebImageWebPCoder: c359317c2e7cfec85d7ea137521c7a36ed239674
  shared_preferences: af6bfa751691cdc24be3045c43ec037377ada40d
  sqflite: 6d358c025f5b867b29ed92fc697fd34924e11904
  Toast: 91b396c56ee72a5790816f40d3a94dd357abc196
  ZLPhotoBrowser-objc: c7684215bbde0ee990ad7bd1008e13bc3e6f6a32

PODFILE CHECKSUM: fe0e1ee7f3d1f7d00b11b474b62dd62134535aea

COCOAPODS: 1.10.0
