PODS:
  - Flutter (1.0.0)
  - flutter_rounded_progress_bar (0.0.1):
    - Flutter
  - fluttertoast (0.0.2):
    - Flutter
    - Toast
  - image_picker (0.0.1):
    - Flutter
  - Toast (4.0.0)

DEPENDENCIES:
  - Flutter (from `Flutter`)
  - flutter_rounded_progress_bar (from `.symlinks/plugins/flutter_rounded_progress_bar/ios`)
  - fluttertoast (from `.symlinks/plugins/fluttertoast/ios`)
  - image_picker (from `.symlinks/plugins/image_picker/ios`)

SPEC REPOS:
  trunk:
    - Toast

EXTERNAL SOURCES:
  Flutter:
    :path: Flutter
  flutter_rounded_progress_bar:
    :path: ".symlinks/plugins/flutter_rounded_progress_bar/ios"
  fluttertoast:
    :path: ".symlinks/plugins/fluttertoast/ios"
  image_picker:
    :path: ".symlinks/plugins/image_picker/ios"

SPEC CHECKSUMS:
  Flutter: 0e3d915762c693b495b44d77113d4970485de6ec
  flutter_rounded_progress_bar: 3c650daa330585aa0c302889381734f2e676f000
  fluttertoast: 6122fa75143e992b1d3470f61000f591a798cc58
  image_picker: 9c3312491f862b28d21ecd8fdf0ee14e601b3f09
  Toast: 91b396c56ee72a5790816f40d3a94dd357abc196

PODFILE CHECKSUM: aafe91acc616949ddb318b77800a7f51bffa2a4c

COCOAPODS: 1.10.0
